<?xml version="1.0" encoding="utf-8"?>
<Project ToolsVersion="4.0" xmlns="http://schemas.microsoft.com/developer/msbuild/2003">
  <ItemGroup>
    <Filter Include="Source Files">
      <UniqueIdentifier>{4FC737F1-C7A5-4376-A066-2A32D752A2FF}</UniqueIdentifier>
      <Extensions>cpp;c;cc;cxx;c++;cppm;ixx;def;odl;idl;hpj;bat;asm;asmx</Extensions>
    </Filter>
    <Filter Include="Header Files">
      <UniqueIdentifier>{93995380-89BD-4b04-88EB-625FBE52EBFB}</UniqueIdentifier>
      <Extensions>h;hh;hpp;hxx;h++;hm;inl;inc;ipp;xsd</Extensions>
    </Filter>
    <Filter Include="Resource Files">
      <UniqueIdentifier>{67DA6AB6-F800-4c08-8B7A-83BB121AAD01}</UniqueIdentifier>
      <Extensions>rc;ico;cur;bmp;dlg;rc2;rct;bin;rgs;gif;jpg;jpeg;jpe;resx;tiff;tif;png;wav;mfcribbon-ms</Extensions>
    </Filter>
    <Filter Include="Header Files\Screen">
      <UniqueIdentifier>{3fd2ed15-6765-4e85-a566-b9fca61d363b}</UniqueIdentifier>
    </Filter>
    <Filter Include="Header Files\Crruency">
      <UniqueIdentifier>{1d6813c1-41d8-4a72-acde-8b9d359e96fb}</UniqueIdentifier>
    </Filter>
    <Filter Include="Header Files\Users">
      <UniqueIdentifier>{765d79c6-df7c-4531-b026-eeb562827e93}</UniqueIdentifier>
    </Filter>
    <Filter Include="Header Files\Clients">
      <UniqueIdentifier>{2c4af243-9382-4992-aeb6-f45f0d21ef0c}</UniqueIdentifier>
    </Filter>
    <Filter Include="Header Files\Cor">
      <UniqueIdentifier>{11f2c61a-f583-4944-a8e5-57f5a03dacab}</UniqueIdentifier>
    </Filter>
  </ItemGroup>
  <ItemGroup>
    <ClCompile Include="{{ {{ BANK PROJECT  lesson 1 }} }}.cpp">
      <Filter>Source Files</Filter>
    </ClCompile>
    <ClCompile Include="clsMainSecren.cpp">
      <Filter>Source Files</Filter>
    </ClCompile>
  </ItemGroup>
  <ItemGroup>
    <ClInclude Include="resource.h">
      <Filter>Header Files</Filter>
    </ClInclude>
    <ClInclude Include="clsScreenCurrency.h">
      <Filter>Header Files\Screen</Filter>
    </ClInclude>
    <ClInclude Include="clsScreenLoginRegister.h">
      <Filter>Header Files\Screen</Filter>
    </ClInclude>
    <ClInclude Include="clsSecrean.h">
      <Filter>Header Files\Screen</Filter>
    </ClInclude>
    <ClInclude Include="clsCrruncyiesListSecreen.h">
      <Filter>Header Files\Crruency</Filter>
    </ClInclude>
    <ClInclude Include="clsCalculatCrruency.h">
      <Filter>Header Files\Crruency</Filter>
    </ClInclude>
    <ClInclude Include="clsCrrunecy.h">
      <Filter>Header Files\Crruency</Filter>
    </ClInclude>
    <ClInclude Include="clsLogInSecren.h">
      <Filter>Header Files\Screen</Filter>
    </ClInclude>
    <ClInclude Include="clsMainSecren.h">
      <Filter>Header Files\Screen</Filter>
    </ClInclude>
    <ClInclude Include="clsManegUserSecren.h">
      <Filter>Header Files\Screen</Filter>
    </ClInclude>
    <ClInclude Include="clsPerson.h">
      <Filter>Header Files\Screen</Filter>
    </ClInclude>
    <ClInclude Include="clsShowUsersSecren.h">
      <Filter>Header Files\Screen</Filter>
    </ClInclude>
    <ClInclude Include="clsAddUser.h">
      <Filter>Header Files\Users</Filter>
    </ClInclude>
    <ClInclude Include="clsDeletUser.h">
      <Filter>Header Files\Users</Filter>
    </ClInclude>
    <ClInclude Include="clsFIndUser.h">
      <Filter>Header Files\Users</Filter>
    </ClInclude>
    <ClInclude Include="clsUpdateUser.h">
      <Filter>Header Files\Users</Filter>
    </ClInclude>
    <ClInclude Include="clsUser2.h">
      <Filter>Header Files\Users</Filter>
    </ClInclude>
    <ClInclude Include="clsAddClient.h">
      <Filter>Header Files\Clients</Filter>
    </ClInclude>
    <ClInclude Include="clsDeletUse.h">
      <Filter>Header Files\Clients</Filter>
    </ClInclude>
    <ClInclude Include="clsFindClient.h">
      <Filter>Header Files\Clients</Filter>
    </ClInclude>
    <ClInclude Include="clsShowClients.h">
      <Filter>Header Files\Clients</Filter>
    </ClInclude>
    <ClInclude Include="clsUpdateClient.h">
      <Filter>Header Files\Clients</Filter>
    </ClInclude>
    <ClInclude Include="clsLoginRegister.h">
      <Filter>Header Files\Screen</Filter>
    </ClInclude>
    <ClInclude Include="clsShowTransFers.h">
      <Filter>Header Files\Screen</Filter>
    </ClInclude>
    <ClInclude Include="clsTotalBalance.h">
      <Filter>Header Files\Screen</Filter>
    </ClInclude>
    <ClInclude Include="clsTransAction.h">
      <Filter>Header Files\Screen</Filter>
    </ClInclude>
    <ClInclude Include="clsTransFireSecreen.h">
      <Filter>Header Files\Screen</Filter>
    </ClInclude>
    <ClInclude Include="clsUpdateCrruency.h">
      <Filter>Header Files\Screen</Filter>
    </ClInclude>
    <ClInclude Include="clsClientBank.h">
      <Filter>Header Files\Cor</Filter>
    </ClInclude>
    <ClInclude Include="clsDate.h">
      <Filter>Header Files\Cor</Filter>
    </ClInclude>
    <ClInclude Include="clsGlobal.h">
      <Filter>Header Files\Cor</Filter>
    </ClInclude>
    <ClInclude Include="clsInputValidate.h">
      <Filter>Header Files\Cor</Filter>
    </ClInclude>
    <ClInclude Include="clsString.h">
      <Filter>Header Files\Cor</Filter>
    </ClInclude>
    <ClInclude Include="clsUtil.h">
      <Filter>Header Files\Cor</Filter>
    </ClInclude>
    <ClInclude Include="clsDeposit.h">
      <Filter>Header Files\Screen</Filter>
    </ClInclude>
    <ClInclude Include="clsFindCrruncy.h">
      <Filter>Header Files\Screen</Filter>
    </ClInclude>
    <ClInclude Include="clsWithDrow.h">
      <Filter>Header Files\Screen</Filter>
    </ClInclude>
  </ItemGroup>
  <ItemGroup>
    <ResourceCompile Include="{{ {{ BANK PROJECT  lesson 1 }} }}.rc">
      <Filter>Resource Files</Filter>
    </ResourceCompile>
  </ItemGroup>
</Project>